
Microsoft Visual Studio Solution File, Format Version 12.00
# Visual Studio Version 16
VisualStudioVersion = 16.0.32106.194
MinimumVisualStudioVersion = 10.0.40219.1
Project("{9A19103F-16F7-4668-BE54-9A1E7A4F7556}") = "Sort_Project", "Sort_Project.csproj", "{872A8141-7830-4CF5-AE4B-33714F23BBB3}"
EndProject
Project("{9A19103F-16F7-4668-BE54-9A1E7A4F7556}") = "BasicAlgorithmLibrary", "..\MergeSortLibrary\BasicAlgorithmLibrary.csproj", "{04C33814-B7FC-46F4-9CF0-189123CBBB3B}"
EndProject
Global
	GlobalSection(SolutionConfigurationPlatforms) = preSolution
		Debug|Any CPU = Debug|Any CPU
		Release|Any CPU = Release|Any CPU
	EndGlobalSection
	GlobalSection(ProjectConfigurationPlatforms) = postSolution
		{872A8141-7830-4CF5-AE4B-33714F23BBB3}.Debug|Any CPU.ActiveCfg = Debug|Any CPU
		{872A8141-7830-4CF5-AE4B-33714F23BBB3}.Debug|Any CPU.Build.0 = Debug|Any CPU
		{872A8141-7830-4CF5-AE4B-33714F23BBB3}.Release|Any CPU.ActiveCfg = Release|Any CPU
		{872A8141-7830-4CF5-AE4B-33714F23BBB3}.Release|Any CPU.Build.0 = Release|Any CPU
		{04C33814-B7FC-46F4-9CF0-189123CBBB3B}.Debug|Any CPU.ActiveCfg = Debug|Any CPU
		{04C33814-B7FC-46F4-9CF0-189123CBBB3B}.Debug|Any CPU.Build.0 = Debug|Any CPU
		{04C33814-B7FC-46F4-9CF0-189123CBBB3B}.Release|Any CPU.ActiveCfg = Release|Any CPU
		{04C33814-B7FC-46F4-9CF0-189123CBBB3B}.Release|Any CPU.Build.0 = Release|Any CPU
	EndGlobalSection
	GlobalSection(SolutionProperties) = preSolution
		HideSolutionNode = FALSE
	EndGlobalSection
	GlobalSection(ExtensibilityGlobals) = postSolution
		SolutionGuid = {311E6D55-3181-4CDE-91A7-F5556FC46D4C}
	EndGlobalSection
EndGlobal
